
Microsoft Visual Studio Solution File, Format Version 12.00
# Visual Studio Version 17
VisualStudioVersion = 17.12.35527.113 d17.12
MinimumVisualStudioVersion = 10.0.40219.1
Project("{FAE04EC0-301F-11D3-BF4B-00C04F79EFBC}") = "presentacion", "presentacion\presentacion.csproj", "{EB0B7649-23E4-40F7-BFAF-520133842C4C}"
EndProject
Project("{FAE04EC0-301F-11D3-BF4B-00C04F79EFBC}") = "dominio", "dominio\dominio.csproj", "{A99088D4-2CA8-48B9-B408-1C047D507EBC}"
EndProject
Global
	GlobalSection(SolutionConfigurationPlatforms) = preSolution
		Debug|Any CPU = Debug|Any CPU
		Release|Any CPU = Release|Any CPU
	EndGlobalSection
	GlobalSection(ProjectConfigurationPlatforms) = postSolution
		{EB0B7649-23E4-40F7-BFAF-520133842C4C}.Debug|Any CPU.ActiveCfg = Debug|Any CPU
		{EB0B7649-23E4-40F7-BFAF-520133842C4C}.Debug|Any CPU.Build.0 = Debug|Any CPU
		{EB0B7649-23E4-40F7-BFAF-520133842C4C}.Release|Any CPU.ActiveCfg = Release|Any CPU
		{EB0B7649-23E4-40F7-BFAF-520133842C4C}.Release|Any CPU.Build.0 = Release|Any CPU
		{A99088D4-2CA8-48B9-B408-1C047D507EBC}.Debug|Any CPU.ActiveCfg = Debug|Any CPU
		{A99088D4-2CA8-48B9-B408-1C047D507EBC}.Debug|Any CPU.Build.0 = Debug|Any CPU
		{A99088D4-2CA8-48B9-B408-1C047D507EBC}.Release|Any CPU.ActiveCfg = Release|Any CPU
		{A99088D4-2CA8-48B9-B408-1C047D507EBC}.Release|Any CPU.Build.0 = Release|Any CPU
	EndGlobalSection
	GlobalSection(SolutionProperties) = preSolution
		HideSolutionNode = FALSE
	EndGlobalSection
EndGlobal
